
Microsoft Visual Studio Solution File, Format Version 12.00
# Visual Studio 15
VisualStudioVersion = 15.0.28010.2036
MinimumVisualStudioVersion = 10.0.40219.1
Project("{FAE04EC0-301F-11D3-BF4B-00C04F79EFBC}") = "AngularDemoF18", "AngularDemoF18\AngularDemoF18.csproj", "{8B36E01F-D4CB-4027-9CFF-0F624A85B244}"
EndProject
Global
	GlobalSection(SolutionConfigurationPlatforms) = preSolution
		Debug|Any CPU = Debug|Any CPU
		Release|Any CPU = Release|Any CPU
	EndGlobalSection
	GlobalSection(ProjectConfigurationPlatforms) = postSolution
		{8B36E01F-D4CB-4027-9CFF-0F624A85B244}.Debug|Any CPU.ActiveCfg = Debug|Any CPU
		{8B36E01F-D4CB-4027-9CFF-0F624A85B244}.Debug|Any CPU.Build.0 = Debug|Any CPU
		{8B36E01F-D4CB-4027-9CFF-0F624A85B244}.Release|Any CPU.ActiveCfg = Release|Any CPU
		{8B36E01F-D4CB-4027-9CFF-0F624A85B244}.Release|Any CPU.Build.0 = Release|Any CPU
	EndGlobalSection
	GlobalSection(SolutionProperties) = preSolution
		HideSolutionNode = FALSE
	EndGlobalSection
	GlobalSection(ExtensibilityGlobals) = postSolution
		SolutionGuid = {1C1258C0-0A48-49BB-951A-C95A7DE6EDF7}
	EndGlobalSection
EndGlobal
